
Microsoft Visual Studio Solution File, Format Version 12.00
# Visual Studio Version 17
VisualStudioVersion = 17.0.31903.59
MinimumVisualStudioVersion = 10.0.40219.1
Project("{2150E333-8FDC-42A3-9474-1A3956D46DE8}") = "src", "src", "{827E0CD3-B72D-47B6-A68D-7590B98EB39B}"
EndProject
Project("{FAE04EC0-301F-11D3-BF4B-00C04F79EFBC}") = "Lua2CS", "src\Lua2CS\Lua2CS.csproj", "{30E4C0E2-9BEE-420A-BFE1-A93303E97869}"
EndProject
Project("{2150E333-8FDC-42A3-9474-1A3956D46DE8}") = "tests", "tests", "{0AB3BF05-4346-4AA6-1389-037BE0695223}"
EndProject
Project("{FAE04EC0-301F-11D3-BF4B-00C04F79EFBC}") = "Lua2CS.Tests", "tests\Lua2CS.Tests\Lua2CS.Tests.csproj", "{5477F17B-338D-4C03-9F54-28E93376D8EE}"
EndProject
Project("{2150E333-8FDC-42A3-9474-1A3956D46DE8}") = "tools", "tools", "{B07E1F29-DC8C-4CE9-94B1-46C858AC1EAC}"
EndProject
Project("{FAE04EC0-301F-11D3-BF4B-00C04F79EFBC}") = "Lua2CS.Validate", "tools\Lua2CS.Validate\Lua2CS.Validate.csproj", "{CC7F178D-F7E1-4F8F-9A2B-4AB9A2D1BD0E}"
EndProject
Global
	GlobalSection(SolutionConfigurationPlatforms) = preSolution
		Debug|Any CPU = Debug|Any CPU
		Debug|x64 = Debug|x64
		Debug|x86 = Debug|x86
		Release|Any CPU = Release|Any CPU
		Release|x64 = Release|x64
		Release|x86 = Release|x86
	EndGlobalSection
	GlobalSection(ProjectConfigurationPlatforms) = postSolution
		{30E4C0E2-9BEE-420A-BFE1-A93303E97869}.Debug|Any CPU.ActiveCfg = Debug|Any CPU
		{30E4C0E2-9BEE-420A-BFE1-A93303E97869}.Debug|Any CPU.Build.0 = Debug|Any CPU
		{30E4C0E2-9BEE-420A-BFE1-A93303E97869}.Debug|x64.ActiveCfg = Debug|Any CPU
		{30E4C0E2-9BEE-420A-BFE1-A93303E97869}.Debug|x64.Build.0 = Debug|Any CPU
		{30E4C0E2-9BEE-420A-BFE1-A93303E97869}.Debug|x86.ActiveCfg = Debug|Any CPU
		{30E4C0E2-9BEE-420A-BFE1-A93303E97869}.Debug|x86.Build.0 = Debug|Any CPU
		{30E4C0E2-9BEE-420A-BFE1-A93303E97869}.Release|Any CPU.ActiveCfg = Release|Any CPU
		{30E4C0E2-9BEE-420A-BFE1-A93303E97869}.Release|Any CPU.Build.0 = Release|Any CPU
		{30E4C0E2-9BEE-420A-BFE1-A93303E97869}.Release|x64.ActiveCfg = Release|Any CPU
		{30E4C0E2-9BEE-420A-BFE1-A93303E97869}.Release|x64.Build.0 = Release|Any CPU
		{30E4C0E2-9BEE-420A-BFE1-A93303E97869}.Release|x86.ActiveCfg = Release|Any CPU
		{30E4C0E2-9BEE-420A-BFE1-A93303E97869}.Release|x86.Build.0 = Release|Any CPU
		{5477F17B-338D-4C03-9F54-28E93376D8EE}.Debug|Any CPU.ActiveCfg = Debug|Any CPU
		{5477F17B-338D-4C03-9F54-28E93376D8EE}.Debug|Any CPU.Build.0 = Debug|Any CPU
		{5477F17B-338D-4C03-9F54-28E93376D8EE}.Debug|x64.ActiveCfg = Debug|Any CPU
		{5477F17B-338D-4C03-9F54-28E93376D8EE}.Debug|x64.Build.0 = Debug|Any CPU
		{5477F17B-338D-4C03-9F54-28E93376D8EE}.Debug|x86.ActiveCfg = Debug|Any CPU
		{5477F17B-338D-4C03-9F54-28E93376D8EE}.Debug|x86.Build.0 = Debug|Any CPU
		{5477F17B-338D-4C03-9F54-28E93376D8EE}.Release|Any CPU.ActiveCfg = Release|Any CPU
		{5477F17B-338D-4C03-9F54-28E93376D8EE}.Release|Any CPU.Build.0 = Release|Any CPU
		{5477F17B-338D-4C03-9F54-28E93376D8EE}.Release|x64.ActiveCfg = Release|Any CPU
		{5477F17B-338D-4C03-9F54-28E93376D8EE}.Release|x64.Build.0 = Release|Any CPU
		{5477F17B-338D-4C03-9F54-28E93376D8EE}.Release|x86.ActiveCfg = Release|Any CPU
		{5477F17B-338D-4C03-9F54-28E93376D8EE}.Release|x86.Build.0 = Release|Any CPU
		{CC7F178D-F7E1-4F8F-9A2B-4AB9A2D1BD0E}.Debug|Any CPU.ActiveCfg = Debug|Any CPU
		{CC7F178D-F7E1-4F8F-9A2B-4AB9A2D1BD0E}.Debug|Any CPU.Build.0 = Debug|Any CPU
		{CC7F178D-F7E1-4F8F-9A2B-4AB9A2D1BD0E}.Debug|x64.ActiveCfg = Debug|Any CPU
		{CC7F178D-F7E1-4F8F-9A2B-4AB9A2D1BD0E}.Debug|x64.Build.0 = Debug|Any CPU
		{CC7F178D-F7E1-4F8F-9A2B-4AB9A2D1BD0E}.Debug|x86.ActiveCfg = Debug|Any CPU
		{CC7F178D-F7E1-4F8F-9A2B-4AB9A2D1BD0E}.Debug|x86.Build.0 = Debug|Any CPU
		{CC7F178D-F7E1-4F8F-9A2B-4AB9A2D1BD0E}.Release|Any CPU.ActiveCfg = Release|Any CPU
		{CC7F178D-F7E1-4F8F-9A2B-4AB9A2D1BD0E}.Release|Any CPU.Build.0 = Release|Any CPU
		{CC7F178D-F7E1-4F8F-9A2B-4AB9A2D1BD0E}.Release|x64.ActiveCfg = Release|Any CPU
		{CC7F178D-F7E1-4F8F-9A2B-4AB9A2D1BD0E}.Release|x64.Build.0 = Release|Any CPU
		{CC7F178D-F7E1-4F8F-9A2B-4AB9A2D1BD0E}.Release|x86.ActiveCfg = Release|Any CPU
		{CC7F178D-F7E1-4F8F-9A2B-4AB9A2D1BD0E}.Release|x86.Build.0 = Release|Any CPU
	EndGlobalSection
	GlobalSection(SolutionProperties) = preSolution
		HideSolutionNode = FALSE
	EndGlobalSection
	GlobalSection(NestedProjects) = preSolution
		{30E4C0E2-9BEE-420A-BFE1-A93303E97869} = {827E0CD3-B72D-47B6-A68D-7590B98EB39B}
		{5477F17B-338D-4C03-9F54-28E93376D8EE} = {0AB3BF05-4346-4AA6-1389-037BE0695223}
		{CC7F178D-F7E1-4F8F-9A2B-4AB9A2D1BD0E} = {B07E1F29-DC8C-4CE9-94B1-46C858AC1EAC}
	EndGlobalSection
EndGlobal
